
Microsoft Visual Studio Solution File, Format Version 12.00
# Visual Studio Version 17
VisualStudioVersion = 17.3.32901.215
MinimumVisualStudioVersion = 10.0.40219.1
Project("{9A19103F-16F7-4668-BE54-9A1E7A4F7556}") = "EmailService", "EmailService.csproj", "{9C951D6C-DC24-48C3-83B1-0899139A15D8}"
EndProject
Global
	GlobalSection(SolutionConfigurationPlatforms) = preSolution
		Debug|Any CPU = Debug|Any CPU
		Release|Any CPU = Release|Any CPU
	EndGlobalSection
	GlobalSection(ProjectConfigurationPlatforms) = postSolution
		{9C951D6C-DC24-48C3-83B1-0899139A15D8}.Debug|Any CPU.ActiveCfg = Debug|Any CPU
		{9C951D6C-DC24-48C3-83B1-0899139A15D8}.Debug|Any CPU.Build.0 = Debug|Any CPU
		{9C951D6C-DC24-48C3-83B1-0899139A15D8}.Release|Any CPU.ActiveCfg = Release|Any CPU
		{9C951D6C-DC24-48C3-83B1-0899139A15D8}.Release|Any CPU.Build.0 = Release|Any CPU
	EndGlobalSection
	GlobalSection(SolutionProperties) = preSolution
		HideSolutionNode = FALSE
	EndGlobalSection
	GlobalSection(ExtensibilityGlobals) = postSolution
		SolutionGuid = {EACA2286-E2DE-487B-B821-0DFBACFC288A}
	EndGlobalSection
EndGlobal
